<?xml version="1.0" encoding="utf-8"?>
<Project ToolsVersion="4.0" xmlns="http://schemas.microsoft.com/developer/msbuild/2003">
  <ItemGroup>
    <Filter Include="Source Files">
      <UniqueIdentifier>{4FC737F1-C7A5-4376-A066-2A32D752A2FF}</UniqueIdentifier>
      <Extensions>cpp;c;cc;cxx;def;odl;idl;hpj;bat;asm;asmx</Extensions>
    </Filter>
    <Filter Include="Header Files">
      <UniqueIdentifier>{93995380-89BD-4b04-88EB-625FBE52EBFB}</UniqueIdentifier>
      <Extensions>h;hh;hpp;hxx;hm;inl;inc;xsd</Extensions>
    </Filter>
    <Filter Include="Resource Files">
      <UniqueIdentifier>{67DA6AB6-F800-4c08-8B7A-83BB121AAD01}</UniqueIdentifier>
      <Extensions>rc;ico;cur;bmp;dlg;rc2;rct;bin;rgs;gif;jpg;jpeg;jpe;resx;tiff;tif;png;wav;mfcribbon-ms</Extensions>
    </Filter>
    <Filter Include="Source Files\Interfaces">
      <UniqueIdentifier>{99c94c2c-ea36-429d-8789-94d0b10f1533}</UniqueIdentifier>
    </Filter>
    <Filter Include="Source Files\Objects">
      <UniqueIdentifier>{69e439f1-f7ae-4d92-aa10-a2846a88988c}</UniqueIdentifier>
    </Filter>
    <Filter Include="Source Files\Objects\WorldObjects">
      <UniqueIdentifier>{00e24302-2828-4ab4-892e-0c2d73e43af6}</UniqueIdentifier>
    </Filter>
    <Filter Include="Source Files\helper structs">
      <UniqueIdentifier>{5a193104-84a7-4809-874f-dc94dcfa6611}</UniqueIdentifier>
    </Filter>
    <Filter Include="Source Files\Objects\PhysicsObject">
      <UniqueIdentifier>{ab183e7d-0642-4e5b-8aa4-4a958aa5100e}</UniqueIdentifier>
    </Filter>
  </ItemGroup>
  <ItemGroup>
    <Text Include="ReadMe.txt" />
  </ItemGroup>
  <ItemGroup>
    <ClInclude Include="Vector3D.h">
      <Filter>Header Files</Filter>
    </ClInclude>
    <ClInclude Include="IPhysicsObject.h">
      <Filter>Header Files</Filter>
    </ClInclude>
    <ClInclude Include="IWorldObject.h">
      <Filter>Header Files</Filter>
    </ClInclude>
    <ClInclude Include="WorldObject_cuboid.h">
      <Filter>Header Files</Filter>
    </ClInclude>
    <ClInclude Include="World.h">
      <Filter>Header Files</Filter>
    </ClInclude>
    <ClInclude Include="PhysicsObject_cuboid.h">
      <Filter>Header Files</Filter>
    </ClInclude>
    <ClInclude Include="PhysicsEngine.h">
      <Filter>Header Files</Filter>
    </ClInclude>
    <ClInclude Include="BodyData.h">
      <Filter>Header Files</Filter>
    </ClInclude>
    <ClInclude Include="WorldObject_sphere.h">
      <Filter>Header Files</Filter>
    </ClInclude>
    <ClInclude Include="AABB.h">
      <Filter>Header Files</Filter>
    </ClInclude>
    <ClInclude Include="Sphere.h">
      <Filter>Header Files</Filter>
    </ClInclude>
  </ItemGroup>
  <ItemGroup>
    <ClCompile Include="IWorldObject.cpp">
      <Filter>Source Files\Interfaces</Filter>
    </ClCompile>
    <ClCompile Include="IPhysicsObject.cpp">
      <Filter>Source Files\Interfaces</Filter>
    </ClCompile>
    <ClCompile Include="World.cpp">
      <Filter>Source Files</Filter>
    </ClCompile>
    <ClCompile Include="PhysicsEngine.cpp">
      <Filter>Source Files</Filter>
    </ClCompile>
    <ClCompile Include="BodyData.cpp">
      <Filter>Source Files\helper structs</Filter>
    </ClCompile>
    <ClCompile Include="Vector3D.cpp">
      <Filter>Source Files\helper structs</Filter>
    </ClCompile>
    <ClCompile Include="WorldObject_cuboid.cpp">
      <Filter>Source Files\Objects\WorldObjects</Filter>
    </ClCompile>
    <ClCompile Include="PhysicsObject_cuboid.cpp">
      <Filter>Source Files\Objects\PhysicsObject</Filter>
    </ClCompile>
    <ClCompile Include="WorldObject_sphere.cpp">
      <Filter>Source Files\Objects\WorldObjects</Filter>
    </ClCompile>
  </ItemGroup>
</Project>