
Microsoft Visual Studio Solution File, Format Version 12.00
# Visual Studio 14
VisualStudioVersion = 14.0.23107.0
MinimumVisualStudioVersion = 10.0.40219.1
Project("{8BC9CEB8-8B4A-11D0-8D11-00A0C91BC942}") = "RenderingEngine", "RenderingEngine\RenderingEngine.vcxproj", "{A6921899-E01E-4085-8612-6F1F2356E18B}"
EndProject
Project("{8BC9CEB8-8B4A-11D0-8D11-00A0C91BC942}") = "GameplayEngine", "GameplayEngine\GameplayEngine.vcxproj", "{012D426E-D1A2-411E-8740-954A85625B98}"
EndProject
Project("{8BC9CEB8-8B4A-11D0-8D11-00A0C91BC942}") = "8BallPool", "8BallPool\8BallPool.vcxproj", "{2EF47E6C-051E-477E-B03A-287F62767B93}"
EndProject
Project("{8BC9CEB8-8B4A-11D0-8D11-00A0C91BC942}") = "SceneManager", "SceneManager\SceneManager.vcxproj", "{7054FE7D-3FCF-4223-A2EC-E606903C18D0}"
EndProject
Project("{8BC9CEB8-8B4A-11D0-8D11-00A0C91BC942}") = "InputLib_Win", "InputLib_Win\InputLib_Win.vcxproj", "{2A0CF5FB-70C6-4CFE-9AAD-01EC63417BFA}"
EndProject
Project("{2150E333-8FDC-42A3-9474-1A3956D46DE8}") = "Solution Items", "Solution Items", "{59EAC269-DF73-4D64-9CF7-6C98E6E7C8F2}"
	ProjectSection(SolutionItems) = preProject
		Performance1.psess = Performance1.psess
	EndProjectSection
EndProject
Project("{8BC9CEB8-8B4A-11D0-8D11-00A0C91BC942}") = "BulletPhysicsEngine", "BulletPhysicsEngine\BulletPhysicsEngine.vcxproj", "{325C7288-83F5-4B44-8F6F-2F65D9368A90}"
EndProject
Global
	GlobalSection(SolutionConfigurationPlatforms) = preSolution
		Debug|x64 = Debug|x64
		Debug|x86 = Debug|x86
		Release|x64 = Release|x64
		Release|x86 = Release|x86
	EndGlobalSection
	GlobalSection(ProjectConfigurationPlatforms) = postSolution
		{A6921899-E01E-4085-8612-6F1F2356E18B}.Debug|x64.ActiveCfg = Debug|x64
		{A6921899-E01E-4085-8612-6F1F2356E18B}.Debug|x64.Build.0 = Debug|x64
		{A6921899-E01E-4085-8612-6F1F2356E18B}.Debug|x86.ActiveCfg = Debug|Win32
		{A6921899-E01E-4085-8612-6F1F2356E18B}.Debug|x86.Build.0 = Debug|Win32
		{A6921899-E01E-4085-8612-6F1F2356E18B}.Release|x64.ActiveCfg = Release|x64
		{A6921899-E01E-4085-8612-6F1F2356E18B}.Release|x64.Build.0 = Release|x64
		{A6921899-E01E-4085-8612-6F1F2356E18B}.Release|x86.ActiveCfg = Release|Win32
		{A6921899-E01E-4085-8612-6F1F2356E18B}.Release|x86.Build.0 = Release|Win32
		{012D426E-D1A2-411E-8740-954A85625B98}.Debug|x64.ActiveCfg = Debug|x64
		{012D426E-D1A2-411E-8740-954A85625B98}.Debug|x64.Build.0 = Debug|x64
		{012D426E-D1A2-411E-8740-954A85625B98}.Debug|x86.ActiveCfg = Debug|Win32
		{012D426E-D1A2-411E-8740-954A85625B98}.Debug|x86.Build.0 = Debug|Win32
		{012D426E-D1A2-411E-8740-954A85625B98}.Release|x64.ActiveCfg = Release|x64
		{012D426E-D1A2-411E-8740-954A85625B98}.Release|x64.Build.0 = Release|x64
		{012D426E-D1A2-411E-8740-954A85625B98}.Release|x86.ActiveCfg = Release|Win32
		{012D426E-D1A2-411E-8740-954A85625B98}.Release|x86.Build.0 = Release|Win32
		{2EF47E6C-051E-477E-B03A-287F62767B93}.Debug|x64.ActiveCfg = Debug|x64
		{2EF47E6C-051E-477E-B03A-287F62767B93}.Debug|x64.Build.0 = Debug|x64
		{2EF47E6C-051E-477E-B03A-287F62767B93}.Debug|x86.ActiveCfg = Debug|Win32
		{2EF47E6C-051E-477E-B03A-287F62767B93}.Debug|x86.Build.0 = Debug|Win32
		{2EF47E6C-051E-477E-B03A-287F62767B93}.Release|x64.ActiveCfg = Release|x64
		{2EF47E6C-051E-477E-B03A-287F62767B93}.Release|x64.Build.0 = Release|x64
		{2EF47E6C-051E-477E-B03A-287F62767B93}.Release|x86.ActiveCfg = Release|Win32
		{2EF47E6C-051E-477E-B03A-287F62767B93}.Release|x86.Build.0 = Release|Win32
		{7054FE7D-3FCF-4223-A2EC-E606903C18D0}.Debug|x64.ActiveCfg = Debug|x64
		{7054FE7D-3FCF-4223-A2EC-E606903C18D0}.Debug|x64.Build.0 = Debug|x64
		{7054FE7D-3FCF-4223-A2EC-E606903C18D0}.Debug|x86.ActiveCfg = Debug|Win32
		{7054FE7D-3FCF-4223-A2EC-E606903C18D0}.Debug|x86.Build.0 = Debug|Win32
		{7054FE7D-3FCF-4223-A2EC-E606903C18D0}.Release|x64.ActiveCfg = Release|x64
		{7054FE7D-3FCF-4223-A2EC-E606903C18D0}.Release|x64.Build.0 = Release|x64
		{7054FE7D-3FCF-4223-A2EC-E606903C18D0}.Release|x86.ActiveCfg = Release|Win32
		{7054FE7D-3FCF-4223-A2EC-E606903C18D0}.Release|x86.Build.0 = Release|Win32
		{2A0CF5FB-70C6-4CFE-9AAD-01EC63417BFA}.Debug|x64.ActiveCfg = Debug|x64
		{2A0CF5FB-70C6-4CFE-9AAD-01EC63417BFA}.Debug|x64.Build.0 = Debug|x64
		{2A0CF5FB-70C6-4CFE-9AAD-01EC63417BFA}.Debug|x86.ActiveCfg = Debug|Win32
		{2A0CF5FB-70C6-4CFE-9AAD-01EC63417BFA}.Debug|x86.Build.0 = Debug|Win32
		{2A0CF5FB-70C6-4CFE-9AAD-01EC63417BFA}.Release|x64.ActiveCfg = Release|x64
		{2A0CF5FB-70C6-4CFE-9AAD-01EC63417BFA}.Release|x64.Build.0 = Release|x64
		{2A0CF5FB-70C6-4CFE-9AAD-01EC63417BFA}.Release|x86.ActiveCfg = Release|Win32
		{2A0CF5FB-70C6-4CFE-9AAD-01EC63417BFA}.Release|x86.Build.0 = Release|Win32
		{325C7288-83F5-4B44-8F6F-2F65D9368A90}.Debug|x64.ActiveCfg = Debug|x64
		{325C7288-83F5-4B44-8F6F-2F65D9368A90}.Debug|x64.Build.0 = Debug|x64
		{325C7288-83F5-4B44-8F6F-2F65D9368A90}.Debug|x86.ActiveCfg = Debug|Win32
		{325C7288-83F5-4B44-8F6F-2F65D9368A90}.Debug|x86.Build.0 = Debug|Win32
		{325C7288-83F5-4B44-8F6F-2F65D9368A90}.Release|x64.ActiveCfg = Release|x64
		{325C7288-83F5-4B44-8F6F-2F65D9368A90}.Release|x64.Build.0 = Release|x64
		{325C7288-83F5-4B44-8F6F-2F65D9368A90}.Release|x86.ActiveCfg = Release|Win32
		{325C7288-83F5-4B44-8F6F-2F65D9368A90}.Release|x86.Build.0 = Release|Win32
	EndGlobalSection
	GlobalSection(SolutionProperties) = preSolution
		HideSolutionNode = FALSE
	EndGlobalSection
EndGlobal
